// !$*UTF8*$!
{
	archiveVersion = 1;
	classes = {
	};
	objectVersion = 56;
	objects = {

/* Begin PBXBuildFile section */
		4528ABD12D137C90005E890C /* gift_questions.json in Resources */ = {isa = PBXBuildFile; fileRef = 4528ABD02D137C90005E890C /* gift_questions.json */; };
		4528ABD32D13802D005E890C /* GiftViewModel.swift in Sources */ = {isa = PBXBuildFile; fileRef = 4528ABD22D13802D005E890C /* GiftViewModel.swift */; };
		4528ABD52D138067005E890C /* GiftView.swift in Sources */ = {isa = PBXBuildFile; fileRef = 4528ABD42D138067005E890C /* GiftView.swift */; };
		4528ABD72D1380A2005E890C /* GiftSummaryView.swift in Sources */ = {isa = PBXBuildFile; fileRef = 4528ABD62D1380A2005E890C /* GiftSummaryView.swift */; };
		4528ABDB2D14D071005E890C /* GiftSuggestionsView.swift in Sources */ = {isa = PBXBuildFile; fileRef = 4528ABDA2D14D071005E890C /* GiftSuggestionsView.swift */; };
		4528ABDD2D14D0A3005E890C /* GiftRecomendacionViewModel.swift in Sources */ = {isa = PBXBuildFile; fileRef = 4528ABDC2D14D0A3005E890C /* GiftRecomendacionViewModel.swift */; };
		4528ABDF2D1781FC005E890C /* FragranceLibraryView.swift in Sources */ = {isa = PBXBuildFile; fileRef = 4528ABDE2D1781FC005E890C /* FragranceLibraryView.swift */; };
		4528ABE32D178839005E890C /* FavoritesPreviewView.swift in Sources */ = {isa = PBXBuildFile; fileRef = 4528ABE22D178839005E890C /* FavoritesPreviewView.swift */; };
		4528ABE52D178866005E890C /* TriedPerfumesPreviewView.swift in Sources */ = {isa = PBXBuildFile; fileRef = 4528ABE42D178866005E890C /* TriedPerfumesPreviewView.swift */; };
		4528ABE72D178881005E890C /* WishlistPreviewView.swift in Sources */ = {isa = PBXBuildFile; fileRef = 4528ABE62D178881005E890C /* WishlistPreviewView.swift */; };
		4528ABEB2D1788CA005E890C /* PerfumeRow.swift in Sources */ = {isa = PBXBuildFile; fileRef = 4528ABEA2D1788CA005E890C /* PerfumeRow.swift */; };
		4528ABED2D17981B005E890C /* TextStyle.swift in Sources */ = {isa = PBXBuildFile; fileRef = 4528ABEC2D17981B005E890C /* TextStyle.swift */; };
		4528ABF02D17984F005E890C /* ButtonStyle.swift in Sources */ = {isa = PBXBuildFile; fileRef = 4528ABEF2D17984F005E890C /* ButtonStyle.swift */; };
		4528ABF22D1A30CD005E890C /* TrendingCarouselView.swift in Sources */ = {isa = PBXBuildFile; fileRef = 4528ABF12D1A30CD005E890C /* TrendingCarouselView.swift */; };
		4528ABF42D1A3F11005E890C /* OlfactiveProfile.swift in Sources */ = {isa = PBXBuildFile; fileRef = 4528ABF32D1A3F11005E890C /* OlfactiveProfile.swift */; };
		4528ABF62D1A437A005E890C /* UIColorExtension.swift in Sources */ = {isa = PBXBuildFile; fileRef = 4528ABF52D1A437A005E890C /* UIColorExtension.swift */; };
		4528ABF82D1EA6A4005E890C /* SettingsView.swift in Sources */ = {isa = PBXBuildFile; fileRef = 4528ABF72D1EA6A4005E890C /* SettingsView.swift */; };
		4528ABFB2D1F6627005E890C /* FavoritesManager.swift in Sources */ = {isa = PBXBuildFile; fileRef = 4528ABFA2D1F6627005E890C /* FavoritesManager.swift */; };
		4528ABFD2D1F69AA005E890C /* WishlistManager.swift in Sources */ = {isa = PBXBuildFile; fileRef = 4528ABFC2D1F69AA005E890C /* WishlistManager.swift */; };
		4528ABFF2D1F6EC3005E890C /* TriedPerfumesListView.swift in Sources */ = {isa = PBXBuildFile; fileRef = 4528ABFE2D1F6EC3005E890C /* TriedPerfumesListView.swift */; };
		4528AC012D1F746B005E890C /* TriedPerfumesManager.swift in Sources */ = {isa = PBXBuildFile; fileRef = 4528AC002D1F746B005E890C /* TriedPerfumesManager.swift */; };
		4528AC032D1F7C3B005E890C /* AddPerfumeFlowView.swift in Sources */ = {isa = PBXBuildFile; fileRef = 4528AC022D1F7C3B005E890C /* AddPerfumeFlowView.swift */; };
		4528AC052D1F869E005E890C /* PerfumeDetailView.swift in Sources */ = {isa = PBXBuildFile; fileRef = 4528AC042D1F869E005E890C /* PerfumeDetailView.swift */; };
		4528AC092D20C371005E890C /* OlfactiveProfileManager.swift in Sources */ = {isa = PBXBuildFile; fileRef = 4528AC082D20C371005E890C /* OlfactiveProfileManager.swift */; };
		4528AC0B2D20CB3D005E890C /* ProfilesListView.swift in Sources */ = {isa = PBXBuildFile; fileRef = 4528AC0A2D20CB3D005E890C /* ProfilesListView.swift */; };
		4528AC0D2D20CB6A005E890C /* SearchesListView.swift in Sources */ = {isa = PBXBuildFile; fileRef = 4528AC0C2D20CB6A005E890C /* SearchesListView.swift */; };
		4528AC0F2D20D511005E890C /* FamiliaOlfativaManager.swift in Sources */ = {isa = PBXBuildFile; fileRef = 4528AC0E2D20D511005E890C /* FamiliaOlfativaManager.swift */; };
		4528AC112D220A71005E890C /* GiftManager.swift in Sources */ = {isa = PBXBuildFile; fileRef = 4528AC102D220A71005E890C /* GiftManager.swift */; };
		4528AC132D220AB3005E890C /* GiftSearch.swift in Sources */ = {isa = PBXBuildFile; fileRef = 4528AC122D220AB3005E890C /* GiftSearch.swift */; };
		4528AC152D22ABCC005E890C /* TestResultView.swift in Sources */ = {isa = PBXBuildFile; fileRef = 4528AC142D22ABCC005E890C /* TestResultView.swift */; };
		4528AC182D23685B005E890C /* OlfactiveProfileHelper.swift in Sources */ = {isa = PBXBuildFile; fileRef = 4528AC172D23685A005E890C /* OlfactiveProfileHelper.swift */; };
		4528AC1A2D2368C0005E890C /* ArrayExtension.swift in Sources */ = {isa = PBXBuildFile; fileRef = 4528AC192D2368C0005E890C /* ArrayExtension.swift */; };
		4528AC1C2D23697D005E890C /* AccordionView.swift in Sources */ = {isa = PBXBuildFile; fileRef = 4528AC1B2D23697D005E890C /* AccordionView.swift */; };
		4547F1A42CFB12E0006B23C4 /* ButtonsStyle.swift in Sources */ = {isa = PBXBuildFile; fileRef = 4547F1A32CFB12E0006B23C4 /* ButtonsStyle.swift */; };
		4566059D2D10DE6100A93819 /* MainTabView.swift in Sources */ = {isa = PBXBuildFile; fileRef = 4566059C2D10DE6100A93819 /* MainTabView.swift */; };
		4566059F2D10DE8800A93819 /* HomeTabView.swift in Sources */ = {isa = PBXBuildFile; fileRef = 4566059E2D10DE8800A93819 /* HomeTabView.swift */; };
		456605A12D10DE9700A93819 /* ExploreTabView.swift in Sources */ = {isa = PBXBuildFile; fileRef = 456605A02D10DE9700A93819 /* ExploreTabView.swift */; };
		456605A32D10DEA700A93819 /* ProfileView.swift in Sources */ = {isa = PBXBuildFile; fileRef = 456605A22D10DEA700A93819 /* ProfileView.swift */; };
		456605A52D11E01F00A93819 /* TestOlfativoTabView.swift in Sources */ = {isa = PBXBuildFile; fileRef = 456605A42D11E01F00A93819 /* TestOlfativoTabView.swift */; };
		457D14172CF68253004C297A /* PerfBetaApp.swift in Sources */ = {isa = PBXBuildFile; fileRef = 457D14162CF68253004C297A /* PerfBetaApp.swift */; };
		457D141B2CF68254004C297A /* Assets.xcassets in Resources */ = {isa = PBXBuildFile; fileRef = 457D141A2CF68254004C297A /* Assets.xcassets */; };
		457D141E2CF68254004C297A /* Preview Assets.xcassets in Resources */ = {isa = PBXBuildFile; fileRef = 457D141D2CF68254004C297A /* Preview Assets.xcassets */; };
		457D142D2CF684C5004C297A /* Question.swift in Sources */ = {isa = PBXBuildFile; fileRef = 457D142C2CF684C5004C297A /* Question.swift */; };
		457D142F2CF68501004C297A /* MockData.swift in Sources */ = {isa = PBXBuildFile; fileRef = 457D142E2CF68501004C297A /* MockData.swift */; };
		457D14352CF6856C004C297A /* QuizViewModel.swift in Sources */ = {isa = PBXBuildFile; fileRef = 457D14342CF6856C004C297A /* QuizViewModel.swift */; };
		457D14372CF68585004C297A /* Perfume.swift in Sources */ = {isa = PBXBuildFile; fileRef = 457D14362CF68585004C297A /* Perfume.swift */; };
		457D143B2CF685F0004C297A /* ResultsView.swift in Sources */ = {isa = PBXBuildFile; fileRef = 457D143A2CF685F0004C297A /* ResultsView.swift */; };
		457D144C2CF69A3E004C297A /* PerfBetaTests.swift in Sources */ = {isa = PBXBuildFile; fileRef = 457D144B2CF69A3E004C297A /* PerfBetaTests.swift */; };
		457D14522CF69A4A004C297A /* QuizViewModelTests.swift in Sources */ = {isa = PBXBuildFile; fileRef = 457D14432CF694AA004C297A /* QuizViewModelTests.swift */; };
		45985B702CF88C3C00BBE655 /* AuthViewModel.swift in Sources */ = {isa = PBXBuildFile; fileRef = 45985B6F2CF88C3C00BBE655 /* AuthViewModel.swift */; };
		45985B722CF8922F00BBE655 /* ContentView.swift in Sources */ = {isa = PBXBuildFile; fileRef = 45985B712CF8922F00BBE655 /* ContentView.swift */; };
		459EC3292D0BAA44008CAA4F /* Kingfisher in Frameworks */ = {isa = PBXBuildFile; productRef = 459EC3282D0BAA44008CAA4F /* Kingfisher */; };
		459EC32B2D0BB0C9008CAA4F /* questions.json in Resources */ = {isa = PBXBuildFile; fileRef = 459EC32A2D0BB0C9008CAA4F /* questions.json */; };
		459EC32D2D0BB11B008CAA4F /* Option.swift in Sources */ = {isa = PBXBuildFile; fileRef = 459EC32C2D0BB11B008CAA4F /* Option.swift */; };
		459EC3312D0BB18E008CAA4F /* TestViewModel.swift in Sources */ = {isa = PBXBuildFile; fileRef = 459EC3302D0BB18E008CAA4F /* TestViewModel.swift */; };
		459EC3332D0BB1AB008CAA4F /* TestView.swift in Sources */ = {isa = PBXBuildFile; fileRef = 459EC3322D0BB1AB008CAA4F /* TestView.swift */; };
		459EC3352D0BB746008CAA4F /* SuggestionsView.swift in Sources */ = {isa = PBXBuildFile; fileRef = 459EC3342D0BB746008CAA4F /* SuggestionsView.swift */; };
		459EC3372D0BB761008CAA4F /* SummaryView.swift in Sources */ = {isa = PBXBuildFile; fileRef = 459EC3362D0BB761008CAA4F /* SummaryView.swift */; };
		459EC3392D0CDA47008CAA4F /* FamiliaOlfativa.swift in Sources */ = {isa = PBXBuildFile; fileRef = 459EC3382D0CDA47008CAA4F /* FamiliaOlfativa.swift */; };
		459EC33B2D0CDAA6008CAA4F /* FamiliaOlfativaService.swift in Sources */ = {isa = PBXBuildFile; fileRef = 459EC33A2D0CDAA6008CAA4F /* FamiliaOlfativaService.swift */; };
		459EC33D2D0CDAE3008CAA4F /* SuggestionsViewModel.swift in Sources */ = {isa = PBXBuildFile; fileRef = 459EC33C2D0CDAE3008CAA4F /* SuggestionsViewModel.swift */; };
		459EC33F2D0CDDA8008CAA4F /* familiasOlfativas.json in Resources */ = {isa = PBXBuildFile; fileRef = 459EC33E2D0CDDA8008CAA4F /* familiasOlfativas.json */; };
		459EC3412D0CEAEF008CAA4F /* QuestionService.swift in Sources */ = {isa = PBXBuildFile; fileRef = 459EC3402D0CEAEF008CAA4F /* QuestionService.swift */; };
		459EC3432D0CEB24008CAA4F /* RecomendacionViewModel.swift in Sources */ = {isa = PBXBuildFile; fileRef = 459EC3422D0CEB24008CAA4F /* RecomendacionViewModel.swift */; };
		45D80A432CF7C9E500AA8E5D /* FirebaseAnalytics in Frameworks */ = {isa = PBXBuildFile; productRef = 45D80A422CF7C9E500AA8E5D /* FirebaseAnalytics */; };
		45D80A452CF7C9E500AA8E5D /* FirebaseAnalyticsWithoutAdIdSupport in Frameworks */ = {isa = PBXBuildFile; productRef = 45D80A442CF7C9E500AA8E5D /* FirebaseAnalyticsWithoutAdIdSupport */; };
		45D80A472CF7CB9600AA8E5D /* GoogleService-Info.plist in Resources */ = {isa = PBXBuildFile; fileRef = 45D80A462CF7CB9600AA8E5D /* GoogleService-Info.plist */; };
		45D80A492CF7D5DF00AA8E5D /* FirestoreService.swift in Sources */ = {isa = PBXBuildFile; fileRef = 45D80A482CF7D5DF00AA8E5D /* FirestoreService.swift */; };
		45D80A4B2CF7D6BA00AA8E5D /* FirebaseAuth in Frameworks */ = {isa = PBXBuildFile; productRef = 45D80A4A2CF7D6BA00AA8E5D /* FirebaseAuth */; };
		45D80A4D2CF7D6BA00AA8E5D /* FirebaseStorage in Frameworks */ = {isa = PBXBuildFile; productRef = 45D80A4C2CF7D6BA00AA8E5D /* FirebaseStorage */; };
		45D80A4F2CF7D7A700AA8E5D /* FirebaseFirestore in Frameworks */ = {isa = PBXBuildFile; productRef = 45D80A4E2CF7D7A700AA8E5D /* FirebaseFirestore */; };
		45D80A512CF7DAD900AA8E5D /* BackendTestView.swift in Sources */ = {isa = PBXBuildFile; fileRef = 45D80A502CF7DAD900AA8E5D /* BackendTestView.swift */; };
		45D80A532CF7E69000AA8E5D /* AuthService.swift in Sources */ = {isa = PBXBuildFile; fileRef = 45D80A522CF7E69000AA8E5D /* AuthService.swift */; };
		45D80A552CF7E6FC00AA8E5D /* RegisterView.swift in Sources */ = {isa = PBXBuildFile; fileRef = 45D80A542CF7E6FC00AA8E5D /* RegisterView.swift */; };
		45D80A572CF7E7F200AA8E5D /* LoginView.swift in Sources */ = {isa = PBXBuildFile; fileRef = 45D80A562CF7E7F200AA8E5D /* LoginView.swift */; };
		45D80A592CF7E86000AA8E5D /* GoogleLoginButton.swift in Sources */ = {isa = PBXBuildFile; fileRef = 45D80A582CF7E86000AA8E5D /* GoogleLoginButton.swift */; };
		45D80A5B2CF7E8A900AA8E5D /* AppleLoginButton.swift in Sources */ = {isa = PBXBuildFile; fileRef = 45D80A5A2CF7E8A900AA8E5D /* AppleLoginButton.swift */; };
		45D80A5D2CF7E91900AA8E5D /* LoginOptionsView.swift in Sources */ = {isa = PBXBuildFile; fileRef = 45D80A5C2CF7E91900AA8E5D /* LoginOptionsView.swift */; };
		45D80A602CF7E9CD00AA8E5D /* GoogleSignIn in Frameworks */ = {isa = PBXBuildFile; productRef = 45D80A5F2CF7E9CD00AA8E5D /* GoogleSignIn */; };
		45D80A622CF7E9CD00AA8E5D /* GoogleSignInSwift in Frameworks */ = {isa = PBXBuildFile; productRef = 45D80A612CF7E9CD00AA8E5D /* GoogleSignInSwift */; };
		45D80A642CF7EE6D00AA8E5D /* AuthUtils.swift in Sources */ = {isa = PBXBuildFile; fileRef = 45D80A632CF7EE6D00AA8E5D /* AuthUtils.swift */; };
/* End PBXBuildFile section */

/* Begin PBXContainerItemProxy section */
		457D144D2CF69A3E004C297A /* PBXContainerItemProxy */ = {
			isa = PBXContainerItemProxy;
			containerPortal = 457D140B2CF68253004C297A /* Project object */;
			proxyType = 1;
			remoteGlobalIDString = 457D14122CF68253004C297A;
			remoteInfo = PerfBeta;
		};
/* End PBXContainerItemProxy section */

/* Begin PBXFileReference section */
		4528ABD02D137C90005E890C /* gift_questions.json */ = {isa = PBXFileReference; fileEncoding = 4; lastKnownFileType = text.json; path = gift_questions.json; sourceTree = "<group>"; };
		4528ABD22D13802D005E890C /* GiftViewModel.swift */ = {isa = PBXFileReference; lastKnownFileType = sourcecode.swift; path = GiftViewModel.swift; sourceTree = "<group>"; };
		4528ABD42D138067005E890C /* GiftView.swift */ = {isa = PBXFileReference; lastKnownFileType = sourcecode.swift; path = GiftView.swift; sourceTree = "<group>"; };
		4528ABD62D1380A2005E890C /* GiftSummaryView.swift */ = {isa = PBXFileReference; lastKnownFileType = sourcecode.swift; path = GiftSummaryView.swift; sourceTree = "<group>"; };
		4528ABDA2D14D071005E890C /* GiftSuggestionsView.swift */ = {isa = PBXFileReference; lastKnownFileType = sourcecode.swift; path = GiftSuggestionsView.swift; sourceTree = "<group>"; };
		4528ABDC2D14D0A3005E890C /* GiftRecomendacionViewModel.swift */ = {isa = PBXFileReference; lastKnownFileType = sourcecode.swift; path = GiftRecomendacionViewModel.swift; sourceTree = "<group>"; };
		4528ABDE2D1781FC005E890C /* FragranceLibraryView.swift */ = {isa = PBXFileReference; lastKnownFileType = sourcecode.swift; path = FragranceLibraryView.swift; sourceTree = "<group>"; };
		4528ABE22D178839005E890C /* FavoritesPreviewView.swift */ = {isa = PBXFileReference; lastKnownFileType = sourcecode.swift; path = FavoritesPreviewView.swift; sourceTree = "<group>"; };
		4528ABE42D178866005E890C /* TriedPerfumesPreviewView.swift */ = {isa = PBXFileReference; lastKnownFileType = sourcecode.swift; path = TriedPerfumesPreviewView.swift; sourceTree = "<group>"; };
		4528ABE62D178881005E890C /* WishlistPreviewView.swift */ = {isa = PBXFileReference; lastKnownFileType = sourcecode.swift; path = WishlistPreviewView.swift; sourceTree = "<group>"; };
		4528ABEA2D1788CA005E890C /* PerfumeRow.swift */ = {isa = PBXFileReference; lastKnownFileType = sourcecode.swift; path = PerfumeRow.swift; sourceTree = "<group>"; };
		4528ABEC2D17981B005E890C /* TextStyle.swift */ = {isa = PBXFileReference; lastKnownFileType = sourcecode.swift; path = TextStyle.swift; sourceTree = "<group>"; };
		4528ABEF2D17984F005E890C /* ButtonStyle.swift */ = {isa = PBXFileReference; lastKnownFileType = sourcecode.swift; path = ButtonStyle.swift; sourceTree = "<group>"; };
		4528ABF12D1A30CD005E890C /* TrendingCarouselView.swift */ = {isa = PBXFileReference; lastKnownFileType = sourcecode.swift; path = TrendingCarouselView.swift; sourceTree = "<group>"; };
		4528ABF32D1A3F11005E890C /* OlfactiveProfile.swift */ = {isa = PBXFileReference; lastKnownFileType = sourcecode.swift; path = OlfactiveProfile.swift; sourceTree = "<group>"; };
		4528ABF52D1A437A005E890C /* UIColorExtension.swift */ = {isa = PBXFileReference; lastKnownFileType = sourcecode.swift; path = UIColorExtension.swift; sourceTree = "<group>"; };
		4528ABF72D1EA6A4005E890C /* SettingsView.swift */ = {isa = PBXFileReference; lastKnownFileType = sourcecode.swift; path = SettingsView.swift; sourceTree = "<group>"; };
		4528ABFA2D1F6627005E890C /* FavoritesManager.swift */ = {isa = PBXFileReference; lastKnownFileType = sourcecode.swift; path = FavoritesManager.swift; sourceTree = "<group>"; };
		4528ABFC2D1F69AA005E890C /* WishlistManager.swift */ = {isa = PBXFileReference; lastKnownFileType = sourcecode.swift; path = WishlistManager.swift; sourceTree = "<group>"; };
		4528ABFE2D1F6EC3005E890C /* TriedPerfumesListView.swift */ = {isa = PBXFileReference; lastKnownFileType = sourcecode.swift; path = TriedPerfumesListView.swift; sourceTree = "<group>"; };
		4528AC002D1F746B005E890C /* TriedPerfumesManager.swift */ = {isa = PBXFileReference; lastKnownFileType = sourcecode.swift; path = TriedPerfumesManager.swift; sourceTree = "<group>"; };
		4528AC022D1F7C3B005E890C /* AddPerfumeFlowView.swift */ = {isa = PBXFileReference; lastKnownFileType = sourcecode.swift; path = AddPerfumeFlowView.swift; sourceTree = "<group>"; };
		4528AC042D1F869E005E890C /* PerfumeDetailView.swift */ = {isa = PBXFileReference; lastKnownFileType = sourcecode.swift; path = PerfumeDetailView.swift; sourceTree = "<group>"; };
		4528AC082D20C371005E890C /* OlfactiveProfileManager.swift */ = {isa = PBXFileReference; lastKnownFileType = sourcecode.swift; path = OlfactiveProfileManager.swift; sourceTree = "<group>"; };
		4528AC0A2D20CB3D005E890C /* ProfilesListView.swift */ = {isa = PBXFileReference; lastKnownFileType = sourcecode.swift; path = ProfilesListView.swift; sourceTree = "<group>"; };
		4528AC0C2D20CB6A005E890C /* SearchesListView.swift */ = {isa = PBXFileReference; lastKnownFileType = sourcecode.swift; path = SearchesListView.swift; sourceTree = "<group>"; };
		4528AC0E2D20D511005E890C /* FamiliaOlfativaManager.swift */ = {isa = PBXFileReference; lastKnownFileType = sourcecode.swift; path = FamiliaOlfativaManager.swift; sourceTree = "<group>"; };
		4528AC102D220A71005E890C /* GiftManager.swift */ = {isa = PBXFileReference; lastKnownFileType = sourcecode.swift; path = GiftManager.swift; sourceTree = "<group>"; };
		4528AC122D220AB3005E890C /* GiftSearch.swift */ = {isa = PBXFileReference; lastKnownFileType = sourcecode.swift; path = GiftSearch.swift; sourceTree = "<group>"; };
		4528AC142D22ABCC005E890C /* TestResultView.swift */ = {isa = PBXFileReference; lastKnownFileType = sourcecode.swift; path = TestResultView.swift; sourceTree = "<group>"; };
		4528AC172D23685A005E890C /* OlfactiveProfileHelper.swift */ = {isa = PBXFileReference; lastKnownFileType = sourcecode.swift; path = OlfactiveProfileHelper.swift; sourceTree = "<group>"; };
		4528AC192D2368C0005E890C /* ArrayExtension.swift */ = {isa = PBXFileReference; lastKnownFileType = sourcecode.swift; path = ArrayExtension.swift; sourceTree = "<group>"; };
		4528AC1B2D23697D005E890C /* AccordionView.swift */ = {isa = PBXFileReference; lastKnownFileType = sourcecode.swift; path = AccordionView.swift; sourceTree = "<group>"; };
		4547F1A32CFB12E0006B23C4 /* ButtonsStyle.swift */ = {isa = PBXFileReference; lastKnownFileType = sourcecode.swift; path = ButtonsStyle.swift; sourceTree = "<group>"; };
		4566059C2D10DE6100A93819 /* MainTabView.swift */ = {isa = PBXFileReference; lastKnownFileType = sourcecode.swift; path = MainTabView.swift; sourceTree = "<group>"; };
		4566059E2D10DE8800A93819 /* HomeTabView.swift */ = {isa = PBXFileReference; lastKnownFileType = sourcecode.swift; path = HomeTabView.swift; sourceTree = "<group>"; };
		456605A02D10DE9700A93819 /* ExploreTabView.swift */ = {isa = PBXFileReference; lastKnownFileType = sourcecode.swift; path = ExploreTabView.swift; sourceTree = "<group>"; };
		456605A22D10DEA700A93819 /* ProfileView.swift */ = {isa = PBXFileReference; lastKnownFileType = sourcecode.swift; path = ProfileView.swift; sourceTree = "<group>"; };
		456605A42D11E01F00A93819 /* TestOlfativoTabView.swift */ = {isa = PBXFileReference; lastKnownFileType = sourcecode.swift; path = TestOlfativoTabView.swift; sourceTree = "<group>"; };
		457D14132CF68253004C297A /* PerfBeta.app */ = {isa = PBXFileReference; explicitFileType = wrapper.application; includeInIndex = 0; path = PerfBeta.app; sourceTree = BUILT_PRODUCTS_DIR; };
		457D14162CF68253004C297A /* PerfBetaApp.swift */ = {isa = PBXFileReference; lastKnownFileType = sourcecode.swift; path = PerfBetaApp.swift; sourceTree = "<group>"; };
		457D141A2CF68254004C297A /* Assets.xcassets */ = {isa = PBXFileReference; lastKnownFileType = folder.assetcatalog; path = Assets.xcassets; sourceTree = "<group>"; };
		457D141D2CF68254004C297A /* Preview Assets.xcassets */ = {isa = PBXFileReference; lastKnownFileType = folder.assetcatalog; path = "Preview Assets.xcassets"; sourceTree = "<group>"; };
		457D142C2CF684C5004C297A /* Question.swift */ = {isa = PBXFileReference; lastKnownFileType = sourcecode.swift; path = Question.swift; sourceTree = "<group>"; };
		457D142E2CF68501004C297A /* MockData.swift */ = {isa = PBXFileReference; lastKnownFileType = sourcecode.swift; path = MockData.swift; sourceTree = "<group>"; };
		457D14342CF6856C004C297A /* QuizViewModel.swift */ = {isa = PBXFileReference; lastKnownFileType = sourcecode.swift; path = QuizViewModel.swift; sourceTree = "<group>"; };
		457D14362CF68585004C297A /* Perfume.swift */ = {isa = PBXFileReference; lastKnownFileType = sourcecode.swift; path = Perfume.swift; sourceTree = "<group>"; };
		457D143A2CF685F0004C297A /* ResultsView.swift */ = {isa = PBXFileReference; lastKnownFileType = sourcecode.swift; path = ResultsView.swift; sourceTree = "<group>"; };
		457D14432CF694AA004C297A /* QuizViewModelTests.swift */ = {isa = PBXFileReference; lastKnownFileType = sourcecode.swift; path = QuizViewModelTests.swift; sourceTree = "<group>"; };
		457D14492CF69A3E004C297A /* PerfBetaTests.xctest */ = {isa = PBXFileReference; explicitFileType = wrapper.cfbundle; includeInIndex = 0; path = PerfBetaTests.xctest; sourceTree = BUILT_PRODUCTS_DIR; };
		457D144B2CF69A3E004C297A /* PerfBetaTests.swift */ = {isa = PBXFileReference; lastKnownFileType = sourcecode.swift; path = PerfBetaTests.swift; sourceTree = "<group>"; };
		45985B6E2CF88A8200BBE655 /* PerfBeta.entitlements */ = {isa = PBXFileReference; lastKnownFileType = text.plist.entitlements; path = PerfBeta.entitlements; sourceTree = "<group>"; };
		45985B6F2CF88C3C00BBE655 /* AuthViewModel.swift */ = {isa = PBXFileReference; lastKnownFileType = sourcecode.swift; path = AuthViewModel.swift; sourceTree = "<group>"; };
		45985B712CF8922F00BBE655 /* ContentView.swift */ = {isa = PBXFileReference; lastKnownFileType = sourcecode.swift; path = ContentView.swift; sourceTree = "<group>"; };
		45985B732CF8953E00BBE655 /* Info.plist */ = {isa = PBXFileReference; lastKnownFileType = text.plist; path = Info.plist; sourceTree = "<group>"; };
		459EC32A2D0BB0C9008CAA4F /* questions.json */ = {isa = PBXFileReference; fileEncoding = 4; lastKnownFileType = text.json; path = questions.json; sourceTree = "<group>"; };
		459EC32C2D0BB11B008CAA4F /* Option.swift */ = {isa = PBXFileReference; lastKnownFileType = sourcecode.swift; path = Option.swift; sourceTree = "<group>"; };
		459EC3302D0BB18E008CAA4F /* TestViewModel.swift */ = {isa = PBXFileReference; lastKnownFileType = sourcecode.swift; path = TestViewModel.swift; sourceTree = "<group>"; };
		459EC3322D0BB1AB008CAA4F /* TestView.swift */ = {isa = PBXFileReference; lastKnownFileType = sourcecode.swift; path = TestView.swift; sourceTree = "<group>"; };
		459EC3342D0BB746008CAA4F /* SuggestionsView.swift */ = {isa = PBXFileReference; lastKnownFileType = sourcecode.swift; path = SuggestionsView.swift; sourceTree = "<group>"; };
		459EC3362D0BB761008CAA4F /* SummaryView.swift */ = {isa = PBXFileReference; lastKnownFileType = sourcecode.swift; path = SummaryView.swift; sourceTree = "<group>"; };
		459EC3382D0CDA47008CAA4F /* FamiliaOlfativa.swift */ = {isa = PBXFileReference; lastKnownFileType = sourcecode.swift; path = FamiliaOlfativa.swift; sourceTree = "<group>"; };
		459EC33A2D0CDAA6008CAA4F /* FamiliaOlfativaService.swift */ = {isa = PBXFileReference; lastKnownFileType = sourcecode.swift; path = FamiliaOlfativaService.swift; sourceTree = "<group>"; };
		459EC33C2D0CDAE3008CAA4F /* SuggestionsViewModel.swift */ = {isa = PBXFileReference; lastKnownFileType = sourcecode.swift; path = SuggestionsViewModel.swift; sourceTree = "<group>"; };
		459EC33E2D0CDDA8008CAA4F /* familiasOlfativas.json */ = {isa = PBXFileReference; fileEncoding = 4; lastKnownFileType = text.json; path = familiasOlfativas.json; sourceTree = "<group>"; };
		459EC3402D0CEAEF008CAA4F /* QuestionService.swift */ = {isa = PBXFileReference; lastKnownFileType = sourcecode.swift; path = QuestionService.swift; sourceTree = "<group>"; };
		459EC3422D0CEB24008CAA4F /* RecomendacionViewModel.swift */ = {isa = PBXFileReference; lastKnownFileType = sourcecode.swift; path = RecomendacionViewModel.swift; sourceTree = "<group>"; };
		45D80A462CF7CB9600AA8E5D /* GoogleService-Info.plist */ = {isa = PBXFileReference; fileEncoding = 4; lastKnownFileType = text.plist.xml; path = "GoogleService-Info.plist"; sourceTree = "<group>"; };
		45D80A482CF7D5DF00AA8E5D /* FirestoreService.swift */ = {isa = PBXFileReference; lastKnownFileType = sourcecode.swift; path = FirestoreService.swift; sourceTree = "<group>"; };
		45D80A502CF7DAD900AA8E5D /* BackendTestView.swift */ = {isa = PBXFileReference; lastKnownFileType = sourcecode.swift; path = BackendTestView.swift; sourceTree = "<group>"; };
		45D80A522CF7E69000AA8E5D /* AuthService.swift */ = {isa = PBXFileReference; lastKnownFileType = sourcecode.swift; path = AuthService.swift; sourceTree = "<group>"; };
		45D80A542CF7E6FC00AA8E5D /* RegisterView.swift */ = {isa = PBXFileReference; lastKnownFileType = sourcecode.swift; path = RegisterView.swift; sourceTree = "<group>"; };
		45D80A562CF7E7F200AA8E5D /* LoginView.swift */ = {isa = PBXFileReference; lastKnownFileType = sourcecode.swift; path = LoginView.swift; sourceTree = "<group>"; };
		45D80A582CF7E86000AA8E5D /* GoogleLoginButton.swift */ = {isa = PBXFileReference; lastKnownFileType = sourcecode.swift; path = GoogleLoginButton.swift; sourceTree = "<group>"; };
		45D80A5A2CF7E8A900AA8E5D /* AppleLoginButton.swift */ = {isa = PBXFileReference; lastKnownFileType = sourcecode.swift; path = AppleLoginButton.swift; sourceTree = "<group>"; };
		45D80A5C2CF7E91900AA8E5D /* LoginOptionsView.swift */ = {isa = PBXFileReference; lastKnownFileType = sourcecode.swift; path = LoginOptionsView.swift; sourceTree = "<group>"; };
		45D80A632CF7EE6D00AA8E5D /* AuthUtils.swift */ = {isa = PBXFileReference; lastKnownFileType = sourcecode.swift; path = AuthUtils.swift; sourceTree = "<group>"; };
/* End PBXFileReference section */

/* Begin PBXFrameworksBuildPhase section */
		457D14102CF68253004C297A /* Frameworks */ = {
			isa = PBXFrameworksBuildPhase;
			buildActionMask = 2147483647;
			files = (
				45D80A622CF7E9CD00AA8E5D /* GoogleSignInSwift in Frameworks */,
				45D80A602CF7E9CD00AA8E5D /* GoogleSignIn in Frameworks */,
				45D80A4B2CF7D6BA00AA8E5D /* FirebaseAuth in Frameworks */,
				45D80A432CF7C9E500AA8E5D /* FirebaseAnalytics in Frameworks */,
				459EC3292D0BAA44008CAA4F /* Kingfisher in Frameworks */,
				45D80A452CF7C9E500AA8E5D /* FirebaseAnalyticsWithoutAdIdSupport in Frameworks */,
				45D80A4D2CF7D6BA00AA8E5D /* FirebaseStorage in Frameworks */,
				45D80A4F2CF7D7A700AA8E5D /* FirebaseFirestore in Frameworks */,
			);
			runOnlyForDeploymentPostprocessing = 0;
		};
		457D14462CF69A3E004C297A /* Frameworks */ = {
			isa = PBXFrameworksBuildPhase;
			buildActionMask = 2147483647;
			files = (
			);
			runOnlyForDeploymentPostprocessing = 0;
		};
/* End PBXFrameworksBuildPhase section */

/* Begin PBXGroup section */
		4528ABEE2D179841005E890C /* Components */ = {
			isa = PBXGroup;
			children = (
				4528ABEF2D17984F005E890C /* ButtonStyle.swift */,
				4528AC1B2D23697D005E890C /* AccordionView.swift */,
			);
			path = Components;
			sourceTree = "<group>";
		};
		4528ABF92D1F65ED005E890C /* Managers */ = {
			isa = PBXGroup;
			children = (
				4528ABFA2D1F6627005E890C /* FavoritesManager.swift */,
				4528ABFC2D1F69AA005E890C /* WishlistManager.swift */,
				4528AC002D1F746B005E890C /* TriedPerfumesManager.swift */,
				4528AC082D20C371005E890C /* OlfactiveProfileManager.swift */,
				4528AC0E2D20D511005E890C /* FamiliaOlfativaManager.swift */,
				4528AC102D220A71005E890C /* GiftManager.swift */,
			);
			path = Managers;
			sourceTree = "<group>";
		};
		4528AC162D236834005E890C /* Helpers */ = {
			isa = PBXGroup;
			children = (
				4528AC172D23685A005E890C /* OlfactiveProfileHelper.swift */,
			);
			path = Helpers;
			sourceTree = "<group>";
		};
		457D140A2CF68253004C297A = {
			isa = PBXGroup;
			children = (
				457D14152CF68253004C297A /* PerfBeta */,
				457D144A2CF69A3E004C297A /* PerfBetaTests */,
				457D14142CF68253004C297A /* Products */,
			);
			sourceTree = "<group>";
		};
		457D14142CF68253004C297A /* Products */ = {
			isa = PBXGroup;
			children = (
				457D14132CF68253004C297A /* PerfBeta.app */,
				457D14492CF69A3E004C297A /* PerfBetaTests.xctest */,
			);
			name = Products;
			sourceTree = "<group>";
		};
		457D14152CF68253004C297A /* PerfBeta */ = {
			isa = PBXGroup;
			children = (
				4528AC162D236834005E890C /* Helpers */,
				4528ABF92D1F65ED005E890C /* Managers */,
				4528ABEE2D179841005E890C /* Components */,
				45985B732CF8953E00BBE655 /* Info.plist */,
				45985B6E2CF88A8200BBE655 /* PerfBeta.entitlements */,
				457D142B2CF682D4004C297A /* Utils */,
				457D142A2CF682C7004C297A /* Extensions */,
				457D14292CF682B7004C297A /* Resources */,
				457D14282CF682A6004C297A /* Services */,
				457D14272CF68297004C297A /* ViewModels */,
				457D14262CF6828B004C297A /* Views */,
				457D14252CF6827E004C297A /* Models */,
				457D14242CF6826C004C297A /* App */,
				457D141A2CF68254004C297A /* Assets.xcassets */,
				45D80A462CF7CB9600AA8E5D /* GoogleService-Info.plist */,
				457D141C2CF68254004C297A /* Preview Content */,
			);
			path = PerfBeta;
			sourceTree = "<group>";
		};
		457D141C2CF68254004C297A /* Preview Content */ = {
			isa = PBXGroup;
			children = (
				457D141D2CF68254004C297A /* Preview Assets.xcassets */,
			);
			path = "Preview Content";
			sourceTree = "<group>";
		};
		457D14242CF6826C004C297A /* App */ = {
			isa = PBXGroup;
			children = (
				457D14162CF68253004C297A /* PerfBetaApp.swift */,
			);
			path = App;
			sourceTree = "<group>";
		};
		457D14252CF6827E004C297A /* Models */ = {
			isa = PBXGroup;
			children = (
				457D142C2CF684C5004C297A /* Question.swift */,
				457D14362CF68585004C297A /* Perfume.swift */,
				459EC32C2D0BB11B008CAA4F /* Option.swift */,
				459EC3382D0CDA47008CAA4F /* FamiliaOlfativa.swift */,
				4528ABF32D1A3F11005E890C /* OlfactiveProfile.swift */,
				4528AC122D220AB3005E890C /* GiftSearch.swift */,
			);
			path = Models;
			sourceTree = "<group>";
		};
		457D14262CF6828B004C297A /* Views */ = {
			isa = PBXGroup;
			children = (
				457D143A2CF685F0004C297A /* ResultsView.swift */,
				45D80A502CF7DAD900AA8E5D /* BackendTestView.swift */,
				45D80A542CF7E6FC00AA8E5D /* RegisterView.swift */,
				45D80A562CF7E7F200AA8E5D /* LoginView.swift */,
				45D80A582CF7E86000AA8E5D /* GoogleLoginButton.swift */,
				45D80A5A2CF7E8A900AA8E5D /* AppleLoginButton.swift */,
				45D80A5C2CF7E91900AA8E5D /* LoginOptionsView.swift */,
				45985B712CF8922F00BBE655 /* ContentView.swift */,
				459EC3322D0BB1AB008CAA4F /* TestView.swift */,
				459EC3342D0BB746008CAA4F /* SuggestionsView.swift */,
				459EC3362D0BB761008CAA4F /* SummaryView.swift */,
				4566059C2D10DE6100A93819 /* MainTabView.swift */,
				4566059E2D10DE8800A93819 /* HomeTabView.swift */,
				456605A02D10DE9700A93819 /* ExploreTabView.swift */,
				456605A22D10DEA700A93819 /* ProfileView.swift */,
				456605A42D11E01F00A93819 /* TestOlfativoTabView.swift */,
				4528ABD42D138067005E890C /* GiftView.swift */,
				4528ABD62D1380A2005E890C /* GiftSummaryView.swift */,
				4528ABDA2D14D071005E890C /* GiftSuggestionsView.swift */,
				4528ABDE2D1781FC005E890C /* FragranceLibraryView.swift */,
				4528ABE22D178839005E890C /* FavoritesPreviewView.swift */,
				4528ABE42D178866005E890C /* TriedPerfumesPreviewView.swift */,
				4528ABE62D178881005E890C /* WishlistPreviewView.swift */,
				4528ABEA2D1788CA005E890C /* PerfumeRow.swift */,
				4528ABF12D1A30CD005E890C /* TrendingCarouselView.swift */,
				4528ABF72D1EA6A4005E890C /* SettingsView.swift */,
				4528ABFE2D1F6EC3005E890C /* TriedPerfumesListView.swift */,
				4528AC022D1F7C3B005E890C /* AddPerfumeFlowView.swift */,
				4528AC042D1F869E005E890C /* PerfumeDetailView.swift */,
				4528AC0A2D20CB3D005E890C /* ProfilesListView.swift */,
				4528AC0C2D20CB6A005E890C /* SearchesListView.swift */,
				4528AC142D22ABCC005E890C /* TestResultView.swift */,
			);
			path = Views;
			sourceTree = "<group>";
		};
		457D14272CF68297004C297A /* ViewModels */ = {
			isa = PBXGroup;
			children = (
				457D14342CF6856C004C297A /* QuizViewModel.swift */,
				459EC3302D0BB18E008CAA4F /* TestViewModel.swift */,
				459EC33C2D0CDAE3008CAA4F /* SuggestionsViewModel.swift */,
				459EC3422D0CEB24008CAA4F /* RecomendacionViewModel.swift */,
				4528ABD22D13802D005E890C /* GiftViewModel.swift */,
				4528ABDC2D14D0A3005E890C /* GiftRecomendacionViewModel.swift */,
			);
			path = ViewModels;
			sourceTree = "<group>";
		};
		457D14282CF682A6004C297A /* Services */ = {
			isa = PBXGroup;
			children = (
				45D80A482CF7D5DF00AA8E5D /* FirestoreService.swift */,
				45D80A522CF7E69000AA8E5D /* AuthService.swift */,
				45985B6F2CF88C3C00BBE655 /* AuthViewModel.swift */,
				459EC33A2D0CDAA6008CAA4F /* FamiliaOlfativaService.swift */,
				459EC3402D0CEAEF008CAA4F /* QuestionService.swift */,
			);
			path = Services;
			sourceTree = "<group>";
		};
		457D14292CF682B7004C297A /* Resources */ = {
			isa = PBXGroup;
			children = (
				4528ABD02D137C90005E890C /* gift_questions.json */,
				459EC33E2D0CDDA8008CAA4F /* familiasOlfativas.json */,
				459EC32A2D0BB0C9008CAA4F /* questions.json */,
			);
			path = Resources;
			sourceTree = "<group>";
		};
		457D142A2CF682C7004C297A /* Extensions */ = {
			isa = PBXGroup;
			children = (
				4528ABF52D1A437A005E890C /* UIColorExtension.swift */,
				4528AC192D2368C0005E890C /* ArrayExtension.swift */,
			);
			path = Extensions;
			sourceTree = "<group>";
		};
		457D142B2CF682D4004C297A /* Utils */ = {
			isa = PBXGroup;
			children = (
				457D142E2CF68501004C297A /* MockData.swift */,
				45D80A632CF7EE6D00AA8E5D /* AuthUtils.swift */,
				4547F1A32CFB12E0006B23C4 /* ButtonsStyle.swift */,
				4528ABEC2D17981B005E890C /* TextStyle.swift */,
			);
			path = Utils;
			sourceTree = "<group>";
		};
		457D144A2CF69A3E004C297A /* PerfBetaTests */ = {
			isa = PBXGroup;
			children = (
				457D14432CF694AA004C297A /* QuizViewModelTests.swift */,
				457D144B2CF69A3E004C297A /* PerfBetaTests.swift */,
			);
			path = PerfBetaTests;
			sourceTree = "<group>";
		};
/* End PBXGroup section */

/* Begin PBXNativeTarget section */
		457D14122CF68253004C297A /* PerfBeta */ = {
			isa = PBXNativeTarget;
			buildConfigurationList = 457D14212CF68254004C297A /* Build configuration list for PBXNativeTarget "PerfBeta" */;
			buildPhases = (
				457D140F2CF68253004C297A /* Sources */,
				457D14102CF68253004C297A /* Frameworks */,
				457D14112CF68253004C297A /* Resources */,
			);
			buildRules = (
			);
			dependencies = (
			);
			name = PerfBeta;
			packageProductDependencies = (
				45D80A422CF7C9E500AA8E5D /* FirebaseAnalytics */,
				45D80A442CF7C9E500AA8E5D /* FirebaseAnalyticsWithoutAdIdSupport */,
				45D80A4A2CF7D6BA00AA8E5D /* FirebaseAuth */,
				45D80A4C2CF7D6BA00AA8E5D /* FirebaseStorage */,
				45D80A4E2CF7D7A700AA8E5D /* FirebaseFirestore */,
				45D80A5F2CF7E9CD00AA8E5D /* GoogleSignIn */,
				45D80A612CF7E9CD00AA8E5D /* GoogleSignInSwift */,
				459EC3282D0BAA44008CAA4F /* Kingfisher */,
			);
			productName = PerfBeta;
			productReference = 457D14132CF68253004C297A /* PerfBeta.app */;
			productType = "com.apple.product-type.application";
		};
		457D14482CF69A3E004C297A /* PerfBetaTests */ = {
			isa = PBXNativeTarget;
			buildConfigurationList = 457D144F2CF69A3E004C297A /* Build configuration list for PBXNativeTarget "PerfBetaTests" */;
			buildPhases = (
				457D14452CF69A3E004C297A /* Sources */,
				457D14462CF69A3E004C297A /* Frameworks */,
				457D14472CF69A3E004C297A /* Resources */,
			);
			buildRules = (
			);
			dependencies = (
				457D144E2CF69A3E004C297A /* PBXTargetDependency */,
			);
			name = PerfBetaTests;
			productName = PerfBetaTests;
			productReference = 457D14492CF69A3E004C297A /* PerfBetaTests.xctest */;
			productType = "com.apple.product-type.bundle.unit-test";
		};
/* End PBXNativeTarget section */

/* Begin PBXProject section */
		457D140B2CF68253004C297A /* Project object */ = {
			isa = PBXProject;
			attributes = {
				BuildIndependentTargetsInParallel = 1;
				LastSwiftUpdateCheck = 1510;
				LastUpgradeCheck = 1510;
				TargetAttributes = {
					457D14122CF68253004C297A = {
						CreatedOnToolsVersion = 15.1;
					};
					457D14482CF69A3E004C297A = {
						CreatedOnToolsVersion = 15.1;
						TestTargetID = 457D14122CF68253004C297A;
					};
				};
			};
			buildConfigurationList = 457D140E2CF68253004C297A /* Build configuration list for PBXProject "PerfBeta" */;
			compatibilityVersion = "Xcode 14.0";
			developmentRegion = en;
			hasScannedForEncodings = 0;
			knownRegions = (
				en,
				Base,
			);
			mainGroup = 457D140A2CF68253004C297A;
			packageReferences = (
				45D80A412CF7C9E500AA8E5D /* XCRemoteSwiftPackageReference "firebase-ios-sdk" */,
				45D80A5E2CF7E9CD00AA8E5D /* XCRemoteSwiftPackageReference "GoogleSignIn-iOS" */,
				459EC3272D0BAA44008CAA4F /* XCRemoteSwiftPackageReference "Kingfisher" */,
			);
			productRefGroup = 457D14142CF68253004C297A /* Products */;
			projectDirPath = "";
			projectRoot = "";
			targets = (
				457D14122CF68253004C297A /* PerfBeta */,
				457D14482CF69A3E004C297A /* PerfBetaTests */,
			);
		};
/* End PBXProject section */

/* Begin PBXResourcesBuildPhase section */
		457D14112CF68253004C297A /* Resources */ = {
			isa = PBXResourcesBuildPhase;
			buildActionMask = 2147483647;
			files = (
				457D141E2CF68254004C297A /* Preview Assets.xcassets in Resources */,
				459EC32B2D0BB0C9008CAA4F /* questions.json in Resources */,
				457D141B2CF68254004C297A /* Assets.xcassets in Resources */,
				459EC33F2D0CDDA8008CAA4F /* familiasOlfativas.json in Resources */,
				45D80A472CF7CB9600AA8E5D /* GoogleService-Info.plist in Resources */,
				4528ABD12D137C90005E890C /* gift_questions.json in Resources */,
			);
			runOnlyForDeploymentPostprocessing = 0;
		};
		457D14472CF69A3E004C297A /* Resources */ = {
			isa = PBXResourcesBuildPhase;
			buildActionMask = 2147483647;
			files = (
			);
			runOnlyForDeploymentPostprocessing = 0;
		};
/* End PBXResourcesBuildPhase section */

/* Begin PBXSourcesBuildPhase section */
		457D140F2CF68253004C297A /* Sources */ = {
			isa = PBXSourcesBuildPhase;
			buildActionMask = 2147483647;
			files = (
				4547F1A42CFB12E0006B23C4 /* ButtonsStyle.swift in Sources */,
				4528ABFB2D1F6627005E890C /* FavoritesManager.swift in Sources */,
				4528ABF02D17984F005E890C /* ButtonStyle.swift in Sources */,
				4528ABE32D178839005E890C /* FavoritesPreviewView.swift in Sources */,
				456605A52D11E01F00A93819 /* TestOlfativoTabView.swift in Sources */,
				459EC3332D0BB1AB008CAA4F /* TestView.swift in Sources */,
				4528ABED2D17981B005E890C /* TextStyle.swift in Sources */,
				457D142D2CF684C5004C297A /* Question.swift in Sources */,
				4566059D2D10DE6100A93819 /* MainTabView.swift in Sources */,
				45D80A492CF7D5DF00AA8E5D /* FirestoreService.swift in Sources */,
				45D80A552CF7E6FC00AA8E5D /* RegisterView.swift in Sources */,
				45D80A532CF7E69000AA8E5D /* AuthService.swift in Sources */,
				4528AC0D2D20CB6A005E890C /* SearchesListView.swift in Sources */,
				459EC3352D0BB746008CAA4F /* SuggestionsView.swift in Sources */,
				4528AC0F2D20D511005E890C /* FamiliaOlfativaManager.swift in Sources */,
				4528ABF22D1A30CD005E890C /* TrendingCarouselView.swift in Sources */,
				45985B722CF8922F00BBE655 /* ContentView.swift in Sources */,
				4528ABF82D1EA6A4005E890C /* SettingsView.swift in Sources */,
				4528ABF62D1A437A005E890C /* UIColorExtension.swift in Sources */,
				45985B702CF88C3C00BBE655 /* AuthViewModel.swift in Sources */,
				4528ABDD2D14D0A3005E890C /* GiftRecomendacionViewModel.swift in Sources */,
				456605A32D10DEA700A93819 /* ProfileView.swift in Sources */,
				456605A12D10DE9700A93819 /* ExploreTabView.swift in Sources */,
				4528AC1C2D23697D005E890C /* AccordionView.swift in Sources */,
				45D80A512CF7DAD900AA8E5D /* BackendTestView.swift in Sources */,
				4528AC132D220AB3005E890C /* GiftSearch.swift in Sources */,
				45D80A642CF7EE6D00AA8E5D /* AuthUtils.swift in Sources */,
				4528ABD72D1380A2005E890C /* GiftSummaryView.swift in Sources */,
				457D143B2CF685F0004C297A /* ResultsView.swift in Sources */,
				45D80A5D2CF7E91900AA8E5D /* LoginOptionsView.swift in Sources */,
				4528AC182D23685B005E890C /* OlfactiveProfileHelper.swift in Sources */,
				4528ABDB2D14D071005E890C /* GiftSuggestionsView.swift in Sources */,
				459EC33B2D0CDAA6008CAA4F /* FamiliaOlfativaService.swift in Sources */,
				45D80A5B2CF7E8A900AA8E5D /* AppleLoginButton.swift in Sources */,
				459EC3372D0BB761008CAA4F /* SummaryView.swift in Sources */,
				4528ABD32D13802D005E890C /* GiftViewModel.swift in Sources */,
				459EC32D2D0BB11B008CAA4F /* Option.swift in Sources */,
				4528ABFF2D1F6EC3005E890C /* TriedPerfumesListView.swift in Sources */,
				4528ABD52D138067005E890C /* GiftView.swift in Sources */,
				4528AC092D20C371005E890C /* OlfactiveProfileManager.swift in Sources */,
				4528AC052D1F869E005E890C /* PerfumeDetailView.swift in Sources */,
				4528ABF42D1A3F11005E890C /* OlfactiveProfile.swift in Sources */,
				45D80A572CF7E7F200AA8E5D /* LoginView.swift in Sources */,
				457D14352CF6856C004C297A /* QuizViewModel.swift in Sources */,
				4528AC1A2D2368C0005E890C /* ArrayExtension.swift in Sources */,
				4528AC112D220A71005E890C /* GiftManager.swift in Sources */,
				4528ABEB2D1788CA005E890C /* PerfumeRow.swift in Sources */,
				459EC3392D0CDA47008CAA4F /* FamiliaOlfativa.swift in Sources */,
				4528ABE72D178881005E890C /* WishlistPreviewView.swift in Sources */,
				459EC3312D0BB18E008CAA4F /* TestViewModel.swift in Sources */,
				4528AC0B2D20CB3D005E890C /* ProfilesListView.swift in Sources */,
				459EC33D2D0CDAE3008CAA4F /* SuggestionsViewModel.swift in Sources */,
				457D142F2CF68501004C297A /* MockData.swift in Sources */,
				4528AC032D1F7C3B005E890C /* AddPerfumeFlowView.swift in Sources */,
				4528AC152D22ABCC005E890C /* TestResultView.swift in Sources */,
				459EC3432D0CEB24008CAA4F /* RecomendacionViewModel.swift in Sources */,
				4528ABFD2D1F69AA005E890C /* WishlistManager.swift in Sources */,
				4566059F2D10DE8800A93819 /* HomeTabView.swift in Sources */,
				457D14372CF68585004C297A /* Perfume.swift in Sources */,
				4528AC012D1F746B005E890C /* TriedPerfumesManager.swift in Sources */,
				4528ABE52D178866005E890C /* TriedPerfumesPreviewView.swift in Sources */,
				45D80A592CF7E86000AA8E5D /* GoogleLoginButton.swift in Sources */,
				459EC3412D0CEAEF008CAA4F /* QuestionService.swift in Sources */,
				4528ABDF2D1781FC005E890C /* FragranceLibraryView.swift in Sources */,
				457D14172CF68253004C297A /* PerfBetaApp.swift in Sources */,
			);
			runOnlyForDeploymentPostprocessing = 0;
		};
		457D14452CF69A3E004C297A /* Sources */ = {
			isa = PBXSourcesBuildPhase;
			buildActionMask = 2147483647;
			files = (
				457D144C2CF69A3E004C297A /* PerfBetaTests.swift in Sources */,
				457D14522CF69A4A004C297A /* QuizViewModelTests.swift in Sources */,
			);
			runOnlyForDeploymentPostprocessing = 0;
		};
/* End PBXSourcesBuildPhase section */

/* Begin PBXTargetDependency section */
		457D144E2CF69A3E004C297A /* PBXTargetDependency */ = {
			isa = PBXTargetDependency;
			target = 457D14122CF68253004C297A /* PerfBeta */;
			targetProxy = 457D144D2CF69A3E004C297A /* PBXContainerItemProxy */;
		};
/* End PBXTargetDependency section */

/* Begin XCBuildConfiguration section */
		457D141F2CF68254004C297A /* Debug */ = {
			isa = XCBuildConfiguration;
			buildSettings = {
				ALWAYS_SEARCH_USER_PATHS = NO;
				ASSETCATALOG_COMPILER_GENERATE_SWIFT_ASSET_SYMBOL_EXTENSIONS = YES;
				CLANG_ANALYZER_NONNULL = YES;
				CLANG_ANALYZER_NUMBER_OBJECT_CONVERSION = YES_AGGRESSIVE;
				CLANG_CXX_LANGUAGE_STANDARD = "gnu++20";
				CLANG_ENABLE_MODULES = YES;
				CLANG_ENABLE_OBJC_ARC = YES;
				CLANG_ENABLE_OBJC_WEAK = YES;
				CLANG_WARN_BLOCK_CAPTURE_AUTORELEASING = YES;
				CLANG_WARN_BOOL_CONVERSION = YES;
				CLANG_WARN_COMMA = YES;
				CLANG_WARN_CONSTANT_CONVERSION = YES;
				CLANG_WARN_DEPRECATED_OBJC_IMPLEMENTATIONS = YES;
				CLANG_WARN_DIRECT_OBJC_ISA_USAGE = YES_ERROR;
				CLANG_WARN_DOCUMENTATION_COMMENTS = YES;
				CLANG_WARN_EMPTY_BODY = YES;
				CLANG_WARN_ENUM_CONVERSION = YES;
				CLANG_WARN_INFINITE_RECURSION = YES;
				CLANG_WARN_INT_CONVERSION = YES;
				CLANG_WARN_NON_LITERAL_NULL_CONVERSION = YES;
				CLANG_WARN_OBJC_IMPLICIT_RETAIN_SELF = YES;
				CLANG_WARN_OBJC_LITERAL_CONVERSION = YES;
				CLANG_WARN_OBJC_ROOT_CLASS = YES_ERROR;
				CLANG_WARN_QUOTED_INCLUDE_IN_FRAMEWORK_HEADER = YES;
				CLANG_WARN_RANGE_LOOP_ANALYSIS = YES;
				CLANG_WARN_STRICT_PROTOTYPES = YES;
				CLANG_WARN_SUSPICIOUS_MOVE = YES;
				CLANG_WARN_UNGUARDED_AVAILABILITY = YES_AGGRESSIVE;
				CLANG_WARN_UNREACHABLE_CODE = YES;
				CLANG_WARN__DUPLICATE_METHOD_MATCH = YES;
				COPY_PHASE_STRIP = NO;
				DEBUG_INFORMATION_FORMAT = dwarf;
				ENABLE_STRICT_OBJC_MSGSEND = YES;
				ENABLE_TESTABILITY = YES;
				ENABLE_USER_SCRIPT_SANDBOXING = YES;
				GCC_C_LANGUAGE_STANDARD = gnu17;
				GCC_DYNAMIC_NO_PIC = NO;
				GCC_NO_COMMON_BLOCKS = YES;
				GCC_OPTIMIZATION_LEVEL = 0;
				GCC_PREPROCESSOR_DEFINITIONS = (
					"DEBUG=1",
					"$(inherited)",
				);
				GCC_WARN_64_TO_32_BIT_CONVERSION = YES;
				GCC_WARN_ABOUT_RETURN_TYPE = YES_ERROR;
				GCC_WARN_UNDECLARED_SELECTOR = YES;
				GCC_WARN_UNINITIALIZED_AUTOS = YES_AGGRESSIVE;
				GCC_WARN_UNUSED_FUNCTION = YES;
				GCC_WARN_UNUSED_VARIABLE = YES;
				IPHONEOS_DEPLOYMENT_TARGET = 17.2;
				LOCALIZATION_PREFERS_STRING_CATALOGS = YES;
				MTL_ENABLE_DEBUG_INFO = INCLUDE_SOURCE;
				MTL_FAST_MATH = YES;
				ONLY_ACTIVE_ARCH = YES;
				SDKROOT = iphoneos;
				SWIFT_ACTIVE_COMPILATION_CONDITIONS = "DEBUG $(inherited)";
				SWIFT_OPTIMIZATION_LEVEL = "-Onone";
			};
			name = Debug;
		};
		457D14202CF68254004C297A /* Release */ = {
			isa = XCBuildConfiguration;
			buildSettings = {
				ALWAYS_SEARCH_USER_PATHS = NO;
				ASSETCATALOG_COMPILER_GENERATE_SWIFT_ASSET_SYMBOL_EXTENSIONS = YES;
				CLANG_ANALYZER_NONNULL = YES;
				CLANG_ANALYZER_NUMBER_OBJECT_CONVERSION = YES_AGGRESSIVE;
				CLANG_CXX_LANGUAGE_STANDARD = "gnu++20";
				CLANG_ENABLE_MODULES = YES;
				CLANG_ENABLE_OBJC_ARC = YES;
				CLANG_ENABLE_OBJC_WEAK = YES;
				CLANG_WARN_BLOCK_CAPTURE_AUTORELEASING = YES;
				CLANG_WARN_BOOL_CONVERSION = YES;
				CLANG_WARN_COMMA = YES;
				CLANG_WARN_CONSTANT_CONVERSION = YES;
				CLANG_WARN_DEPRECATED_OBJC_IMPLEMENTATIONS = YES;
				CLANG_WARN_DIRECT_OBJC_ISA_USAGE = YES_ERROR;
				CLANG_WARN_DOCUMENTATION_COMMENTS = YES;
				CLANG_WARN_EMPTY_BODY = YES;
				CLANG_WARN_ENUM_CONVERSION = YES;
				CLANG_WARN_INFINITE_RECURSION = YES;
				CLANG_WARN_INT_CONVERSION = YES;
				CLANG_WARN_NON_LITERAL_NULL_CONVERSION = YES;
				CLANG_WARN_OBJC_IMPLICIT_RETAIN_SELF = YES;
				CLANG_WARN_OBJC_LITERAL_CONVERSION = YES;
				CLANG_WARN_OBJC_ROOT_CLASS = YES_ERROR;
				CLANG_WARN_QUOTED_INCLUDE_IN_FRAMEWORK_HEADER = YES;
				CLANG_WARN_RANGE_LOOP_ANALYSIS = YES;
				CLANG_WARN_STRICT_PROTOTYPES = YES;
				CLANG_WARN_SUSPICIOUS_MOVE = YES;
				CLANG_WARN_UNGUARDED_AVAILABILITY = YES_AGGRESSIVE;
				CLANG_WARN_UNREACHABLE_CODE = YES;
				CLANG_WARN__DUPLICATE_METHOD_MATCH = YES;
				COPY_PHASE_STRIP = NO;
				DEBUG_INFORMATION_FORMAT = "dwarf-with-dsym";
				ENABLE_NS_ASSERTIONS = NO;
				ENABLE_STRICT_OBJC_MSGSEND = YES;
				ENABLE_USER_SCRIPT_SANDBOXING = YES;
				GCC_C_LANGUAGE_STANDARD = gnu17;
				GCC_NO_COMMON_BLOCKS = YES;
				GCC_WARN_64_TO_32_BIT_CONVERSION = YES;
				GCC_WARN_ABOUT_RETURN_TYPE = YES_ERROR;
				GCC_WARN_UNDECLARED_SELECTOR = YES;
				GCC_WARN_UNINITIALIZED_AUTOS = YES_AGGRESSIVE;
				GCC_WARN_UNUSED_FUNCTION = YES;
				GCC_WARN_UNUSED_VARIABLE = YES;
				IPHONEOS_DEPLOYMENT_TARGET = 17.2;
				LOCALIZATION_PREFERS_STRING_CATALOGS = YES;
				MTL_ENABLE_DEBUG_INFO = NO;
				MTL_FAST_MATH = YES;
				SDKROOT = iphoneos;
				SWIFT_COMPILATION_MODE = wholemodule;
				VALIDATE_PRODUCT = YES;
			};
			name = Release;
		};
		457D14222CF68254004C297A /* Debug */ = {
			isa = XCBuildConfiguration;
			buildSettings = {
				ASSETCATALOG_COMPILER_APPICON_NAME = AppIcon;
				ASSETCATALOG_COMPILER_GLOBAL_ACCENT_COLOR_NAME = AccentColor;
				CODE_SIGN_ENTITLEMENTS = PerfBeta/PerfBeta.entitlements;
				CODE_SIGN_STYLE = Automatic;
				CURRENT_PROJECT_VERSION = 1;
				DEVELOPMENT_ASSET_PATHS = "\"PerfBeta/Preview Content\"";
				DEVELOPMENT_TEAM = SAV8H68H96;
				ENABLE_PREVIEWS = YES;
				GENERATE_INFOPLIST_FILE = YES;
				INFOPLIST_FILE = PerfBeta/Info.plist;
				INFOPLIST_KEY_UIApplicationSceneManifest_Generation = YES;
				INFOPLIST_KEY_UIApplicationSupportsIndirectInputEvents = YES;
				INFOPLIST_KEY_UILaunchScreen_Generation = YES;
				INFOPLIST_KEY_UISupportedInterfaceOrientations_iPad = "UIInterfaceOrientationPortrait UIInterfaceOrientationPortraitUpsideDown UIInterfaceOrientationLandscapeLeft UIInterfaceOrientationLandscapeRight";
				INFOPLIST_KEY_UISupportedInterfaceOrientations_iPhone = "UIInterfaceOrientationPortrait UIInterfaceOrientationLandscapeLeft UIInterfaceOrientationLandscapeRight";
				INFOPLIST_KEY_UIUserInterfaceStyle = Light;
				LD_RUNPATH_SEARCH_PATHS = (
					"$(inherited)",
					"@executable_path/Frameworks",
				);
				MARKETING_VERSION = 1.0;
				PRODUCT_BUNDLE_IDENTIFIER = com.testjr.perfBeta;
				PRODUCT_NAME = "$(TARGET_NAME)";
				SWIFT_EMIT_LOC_STRINGS = YES;
				SWIFT_VERSION = 5.0;
				TARGETED_DEVICE_FAMILY = "1,2";
			};
			name = Debug;
		};
		457D14232CF68254004C297A /* Release */ = {
			isa = XCBuildConfiguration;
			buildSettings = {
				ASSETCATALOG_COMPILER_APPICON_NAME = AppIcon;
				ASSETCATALOG_COMPILER_GLOBAL_ACCENT_COLOR_NAME = AccentColor;
				CODE_SIGN_ENTITLEMENTS = PerfBeta/PerfBeta.entitlements;
				CODE_SIGN_STYLE = Automatic;
				CURRENT_PROJECT_VERSION = 1;
				DEVELOPMENT_ASSET_PATHS = "\"PerfBeta/Preview Content\"";
				DEVELOPMENT_TEAM = SAV8H68H96;
				ENABLE_PREVIEWS = YES;
				GENERATE_INFOPLIST_FILE = YES;
				INFOPLIST_FILE = PerfBeta/Info.plist;
				INFOPLIST_KEY_UIApplicationSceneManifest_Generation = YES;
				INFOPLIST_KEY_UIApplicationSupportsIndirectInputEvents = YES;
				INFOPLIST_KEY_UILaunchScreen_Generation = YES;
				INFOPLIST_KEY_UISupportedInterfaceOrientations_iPad = "UIInterfaceOrientationPortrait UIInterfaceOrientationPortraitUpsideDown UIInterfaceOrientationLandscapeLeft UIInterfaceOrientationLandscapeRight";
				INFOPLIST_KEY_UISupportedInterfaceOrientations_iPhone = "UIInterfaceOrientationPortrait UIInterfaceOrientationLandscapeLeft UIInterfaceOrientationLandscapeRight";
				INFOPLIST_KEY_UIUserInterfaceStyle = Light;
				LD_RUNPATH_SEARCH_PATHS = (
					"$(inherited)",
					"@executable_path/Frameworks",
				);
				MARKETING_VERSION = 1.0;
				PRODUCT_BUNDLE_IDENTIFIER = com.testjr.perfBeta;
				PRODUCT_NAME = "$(TARGET_NAME)";
				SWIFT_EMIT_LOC_STRINGS = YES;
				SWIFT_VERSION = 5.0;
				TARGETED_DEVICE_FAMILY = "1,2";
			};
			name = Release;
		};
		457D14502CF69A3E004C297A /* Debug */ = {
			isa = XCBuildConfiguration;
			buildSettings = {
				BUNDLE_LOADER = "$(TEST_HOST)";
				CODE_SIGN_STYLE = Automatic;
				CURRENT_PROJECT_VERSION = 1;
				DEVELOPMENT_TEAM = WBTZZ2PG5U;
				GENERATE_INFOPLIST_FILE = YES;
				MARKETING_VERSION = 1.0;
				PRODUCT_BUNDLE_IDENTIFIER = com.testjr.perfBeta.PerfBetaTests;
				PRODUCT_NAME = "$(TARGET_NAME)";
				SWIFT_EMIT_LOC_STRINGS = NO;
				SWIFT_VERSION = 5.0;
				TARGETED_DEVICE_FAMILY = "1,2";
				TEST_HOST = "$(BUILT_PRODUCTS_DIR)/PerfBeta.app/$(BUNDLE_EXECUTABLE_FOLDER_PATH)/PerfBeta";
			};
			name = Debug;
		};
		457D14512CF69A3E004C297A /* Release */ = {
			isa = XCBuildConfiguration;
			buildSettings = {
				BUNDLE_LOADER = "$(TEST_HOST)";
				CODE_SIGN_STYLE = Automatic;
				CURRENT_PROJECT_VERSION = 1;
				DEVELOPMENT_TEAM = WBTZZ2PG5U;
				GENERATE_INFOPLIST_FILE = YES;
				MARKETING_VERSION = 1.0;
				PRODUCT_BUNDLE_IDENTIFIER = com.testjr.perfBeta.PerfBetaTests;
				PRODUCT_NAME = "$(TARGET_NAME)";
				SWIFT_EMIT_LOC_STRINGS = NO;
				SWIFT_VERSION = 5.0;
				TARGETED_DEVICE_FAMILY = "1,2";
				TEST_HOST = "$(BUILT_PRODUCTS_DIR)/PerfBeta.app/$(BUNDLE_EXECUTABLE_FOLDER_PATH)/PerfBeta";
			};
			name = Release;
		};
/* End XCBuildConfiguration section */

/* Begin XCConfigurationList section */
		457D140E2CF68253004C297A /* Build configuration list for PBXProject "PerfBeta" */ = {
			isa = XCConfigurationList;
			buildConfigurations = (
				457D141F2CF68254004C297A /* Debug */,
				457D14202CF68254004C297A /* Release */,
			);
			defaultConfigurationIsVisible = 0;
			defaultConfigurationName = Release;
		};
		457D14212CF68254004C297A /* Build configuration list for PBXNativeTarget "PerfBeta" */ = {
			isa = XCConfigurationList;
			buildConfigurations = (
				457D14222CF68254004C297A /* Debug */,
				457D14232CF68254004C297A /* Release */,
			);
			defaultConfigurationIsVisible = 0;
			defaultConfigurationName = Release;
		};
		457D144F2CF69A3E004C297A /* Build configuration list for PBXNativeTarget "PerfBetaTests" */ = {
			isa = XCConfigurationList;
			buildConfigurations = (
				457D14502CF69A3E004C297A /* Debug */,
				457D14512CF69A3E004C297A /* Release */,
			);
			defaultConfigurationIsVisible = 0;
			defaultConfigurationName = Release;
		};
/* End XCConfigurationList section */

/* Begin XCRemoteSwiftPackageReference section */
		459EC3272D0BAA44008CAA4F /* XCRemoteSwiftPackageReference "Kingfisher" */ = {
			isa = XCRemoteSwiftPackageReference;
			repositoryURL = "https://github.com/onevcat/Kingfisher";
			requirement = {
				kind = upToNextMajorVersion;
				minimumVersion = 8.1.2;
			};
		};
		45D80A412CF7C9E500AA8E5D /* XCRemoteSwiftPackageReference "firebase-ios-sdk" */ = {
			isa = XCRemoteSwiftPackageReference;
			repositoryURL = "https://github.com/firebase/firebase-ios-sdk";
			requirement = {
				kind = upToNextMajorVersion;
				minimumVersion = 11.5.0;
			};
		};
		45D80A5E2CF7E9CD00AA8E5D /* XCRemoteSwiftPackageReference "GoogleSignIn-iOS" */ = {
			isa = XCRemoteSwiftPackageReference;
			repositoryURL = "https://github.com/google/GoogleSignIn-iOS";
			requirement = {
				kind = upToNextMajorVersion;
				minimumVersion = 8.0.0;
			};
		};
/* End XCRemoteSwiftPackageReference section */

/* Begin XCSwiftPackageProductDependency section */
		459EC3282D0BAA44008CAA4F /* Kingfisher */ = {
			isa = XCSwiftPackageProductDependency;
			package = 459EC3272D0BAA44008CAA4F /* XCRemoteSwiftPackageReference "Kingfisher" */;
			productName = Kingfisher;
		};
		45D80A422CF7C9E500AA8E5D /* FirebaseAnalytics */ = {
			isa = XCSwiftPackageProductDependency;
			package = 45D80A412CF7C9E500AA8E5D /* XCRemoteSwiftPackageReference "firebase-ios-sdk" */;
			productName = FirebaseAnalytics;
		};
		45D80A442CF7C9E500AA8E5D /* FirebaseAnalyticsWithoutAdIdSupport */ = {
			isa = XCSwiftPackageProductDependency;
			package = 45D80A412CF7C9E500AA8E5D /* XCRemoteSwiftPackageReference "firebase-ios-sdk" */;
			productName = FirebaseAnalyticsWithoutAdIdSupport;
		};
		45D80A4A2CF7D6BA00AA8E5D /* FirebaseAuth */ = {
			isa = XCSwiftPackageProductDependency;
			package = 45D80A412CF7C9E500AA8E5D /* XCRemoteSwiftPackageReference "firebase-ios-sdk" */;
			productName = FirebaseAuth;
		};
		45D80A4C2CF7D6BA00AA8E5D /* FirebaseStorage */ = {
			isa = XCSwiftPackageProductDependency;
			package = 45D80A412CF7C9E500AA8E5D /* XCRemoteSwiftPackageReference "firebase-ios-sdk" */;
			productName = FirebaseStorage;
		};
		45D80A4E2CF7D7A700AA8E5D /* FirebaseFirestore */ = {
			isa = XCSwiftPackageProductDependency;
			package = 45D80A412CF7C9E500AA8E5D /* XCRemoteSwiftPackageReference "firebase-ios-sdk" */;
			productName = FirebaseFirestore;
		};
		45D80A5F2CF7E9CD00AA8E5D /* GoogleSignIn */ = {
			isa = XCSwiftPackageProductDependency;
			package = 45D80A5E2CF7E9CD00AA8E5D /* XCRemoteSwiftPackageReference "GoogleSignIn-iOS" */;
			productName = GoogleSignIn;
		};
		45D80A612CF7E9CD00AA8E5D /* GoogleSignInSwift */ = {
			isa = XCSwiftPackageProductDependency;
			package = 45D80A5E2CF7E9CD00AA8E5D /* XCRemoteSwiftPackageReference "GoogleSignIn-iOS" */;
			productName = GoogleSignInSwift;
		};
/* End XCSwiftPackageProductDependency section */
	};
	rootObject = 457D140B2CF68253004C297A /* Project object */;
}
